{
    "_readme": [
        "This file locks the dependencies of your project to a known state",
        "Read more about it at http://getcomposer.org/doc/01-basic-usage.md#composer-lock-the-lock-file"
    ],
    "hash": "8480272ff4b8252bda8f9e3b16c01c75",
    "packages": [
        {
            "name": "aura/installer-default",
            "version": "1.0.0",
            "source": {
                "type": "git",
                "url": "https://github.com/auraphp/installer-default.git",
                "reference": "52f8de3670cc1ef45a916f40f732937436d028c8"
            },
            "dist": {
                "type": "zip",
                "url": "https://api.github.com/repos/auraphp/installer-default/zipball/52f8de3670cc1ef45a916f40f732937436d028c8",
                "reference": "52f8de3670cc1ef45a916f40f732937436d028c8",
                "shasum": ""
            },
            "type": "composer-installer",
            "extra": {
                "class": "Aura\\Composer\\DefaultInstaller"
            },
            "autoload": {
                "psr-0": {
                    "Aura\\Composer\\": "src/"
                }
            },
            "notification-url": "https://packagist.org/downloads/",
            "license": [
                "BSD-2-Clause"
            ],
            "authors": [
                {
                    "name": "Paul M. Jones",
                    "email": "pmjones88@gmail.com",
                    "homepage": "http://paul-m-jones.com"
                }
            ],
            "description": "Installs Aura packages using the Composer defaults.",
            "keywords": [
                "aura",
                "installer"
            ],
            "time": "2012-11-26 21:35:57"
        },
        {
            "name": "aura/router",
            "version": "1.1.1",
            "source": {
                "type": "git",
                "url": "https://github.com/auraphp/Aura.Router.git",
                "reference": "624adb4546dadbf60dd303d78a94ff865fdd1e70"
            },
            "dist": {
                "type": "zip",
                "url": "https://api.github.com/repos/auraphp/Aura.Router/zipball/624adb4546dadbf60dd303d78a94ff865fdd1e70",
                "reference": "624adb4546dadbf60dd303d78a94ff865fdd1e70",
                "shasum": ""
            },
            "require": {
                "aura/installer-default": ">=1.0.0",
                "php": ">=5.4.0"
            },
            "type": "aura-package",
            "autoload": {
                "psr-0": {
                    "Aura\\Router": "src/"
                }
            },
            "notification-url": "https://packagist.org/downloads/",
            "license": [
                "BSD-2-Clause"
            ],
            "authors": [
                {
                    "name": "Paul M. Jones",
                    "email": "pmjones88@gmail.com",
                    "homepage": "http://paul-m-jones.com"
                },
                {
                    "name": "Hari KT",
                    "email": "kthari85@gmail.com",
                    "homepage": "http://harikt.com"
                },
                {
                    "name": "Aura.Router Contributors",
                    "homepage": "https://github.com/auraphp/Aura.Router/contributors"
                },
                {
                    "name": "George Papadopoulos",
                    "email": "g.papadopg@gmail.com"
                },
                {
                    "name": "Jon Elofson",
                    "email": "jon.elofson@gmail.com"
                }
            ],
            "description": "The Aura Router package implements web routing; given a URI path and a copy of $_SERVER, it will extract controller, action, and parameter values for a specific route.",
            "homepage": "http://auraphp.com/Aura.Router",
            "keywords": [
                "route",
                "router",
                "routing"
            ],
            "time": "2013-09-10 00:00:00"
        },
        {
            "name": "symfony/http-foundation",
            "version": "v2.4.3",
            "target-dir": "Symfony/Component/HttpFoundation",
            "source": {
                "type": "git",
                "url": "https://github.com/symfony/HttpFoundation.git",
                "reference": "11ad7352c7bfa12145a0df8e1c4c303c585ce169"
            },
            "dist": {
                "type": "zip",
                "url": "https://api.github.com/repos/symfony/HttpFoundation/zipball/11ad7352c7bfa12145a0df8e1c4c303c585ce169",
                "reference": "11ad7352c7bfa12145a0df8e1c4c303c585ce169",
                "shasum": ""
            },
            "require": {
                "php": ">=5.3.3"
            },
            "require-dev": {
                "symfony/expression-language": "~2.4"
            },
            "type": "library",
            "extra": {
                "branch-alias": {
                    "dev-master": "2.4-dev"
                }
            },
            "autoload": {
                "psr-0": {
                    "Symfony\\Component\\HttpFoundation\\": ""
                },
                "classmap": [
                    "Symfony/Component/HttpFoundation/Resources/stubs"
                ]
            },
            "notification-url": "https://packagist.org/downloads/",
            "license": [
                "MIT"
            ],
            "authors": [
                {
                    "name": "Fabien Potencier",
                    "email": "fabien@symfony.com",
                    "homepage": "http://fabien.potencier.org",
                    "role": "Lead Developer"
                },
                {
                    "name": "Symfony Community",
                    "homepage": "http://symfony.com/contributors"
                }
            ],
            "description": "Symfony HttpFoundation Component",
            "homepage": "http://symfony.com",
            "time": "2014-03-26 11:35:33"
        },
        {
            "name": "twig/twig",
            "version": "v1.15.1",
            "source": {
                "type": "git",
                "url": "https://github.com/fabpot/Twig.git",
                "reference": "1fb5784662f438d7d96a541e305e28b812e2eeed"
            },
            "dist": {
                "type": "zip",
                "url": "https://api.github.com/repos/fabpot/Twig/zipball/1fb5784662f438d7d96a541e305e28b812e2eeed",
                "reference": "1fb5784662f438d7d96a541e305e28b812e2eeed",
                "shasum": ""
            },
            "require": {
                "php": ">=5.2.4"
            },
            "type": "library",
            "extra": {
                "branch-alias": {
                    "dev-master": "1.15-dev"
                }
            },
            "autoload": {
                "psr-0": {
                    "Twig_": "lib/"
                }
            },
            "notification-url": "https://packagist.org/downloads/",
            "license": [
                "BSD-3-Clause"
            ],
            "authors": [
                {
                    "name": "Fabien Potencier",
                    "email": "fabien@symfony.com",
                    "homepage": "http://fabien.potencier.org",
                    "role": "Lead Developer"
                },
                {
                    "name": "Armin Ronacher",
                    "email": "armin.ronacher@active-4.com",
                    "role": "Project Founder"
                },
                {
                    "name": "Twig Team",
                    "homepage": "https://github.com/fabpot/Twig/graphs/contributors",
                    "role": "Contributors"
                }
            ],
            "description": "Twig, the flexible, fast, and secure template language for PHP",
            "homepage": "http://twig.sensiolabs.org",
            "keywords": [
                "templating"
            ],
            "time": "2014-02-13 10:19:29"
        },
        {
            "name": "vrana/notorm",
            "version": "dev-master",
            "source": {
                "type": "git",
                "url": "https://github.com/vrana/notorm.git",
                "reference": "d7f320a3d8da0dbcb17187ad4b9c91a396f5d0c6"
            },
            "dist": {
                "type": "zip",
                "url": "https://api.github.com/repos/vrana/notorm/zipball/d7f320a3d8da0dbcb17187ad4b9c91a396f5d0c6",
                "reference": "d7f320a3d8da0dbcb17187ad4b9c91a396f5d0c6",
                "shasum": ""
            },
            "type": "library",
            "autoload": {
                "files": [
                    "NotORM.php"
                ]
            },
            "notification-url": "https://packagist.org/downloads/",
            "license": [
                "Apache-2.0",
                "GPL-2.0+"
            ],
            "authors": [
                {
                    "name": "Jakub Vrána",
                    "homepage": "http://www.vrana.cz/"
                }
            ],
            "description": "NotORM is a PHP library for simple working with data in the database.",
            "homepage": "http://www.notorm.com/",
            "keywords": [
                "database",
                "dbal"
            ],
            "time": "2014-02-09 20:16:02"
        },
        {
            "name": "zendframework/zend-code",
            "version": "2.3.0",
            "target-dir": "Zend/Code",
            "source": {
                "type": "git",
                "url": "https://github.com/zendframework/Component_ZendCode.git",
                "reference": "7eb108341ff6c9ec240764a11270f2d12934b733"
            },
            "dist": {
                "type": "zip",
                "url": "https://api.github.com/repos/zendframework/Component_ZendCode/zipball/7eb108341ff6c9ec240764a11270f2d12934b733",
                "reference": "7eb108341ff6c9ec240764a11270f2d12934b733",
                "shasum": ""
            },
            "require": {
                "php": ">=5.3.23",
                "zendframework/zend-eventmanager": "self.version"
            },
            "require-dev": {
                "doctrine/common": ">=2.1",
                "zendframework/zend-stdlib": "self.version"
            },
            "suggest": {
                "doctrine/common": "Doctrine\\Common >=2.1 for annotation features",
                "zendframework/zend-stdlib": "Zend\\Stdlib component"
            },
            "type": "library",
            "extra": {
                "branch-alias": {
                    "dev-master": "2.2-dev",
                    "dev-develop": "2.3-dev"
                }
            },
            "autoload": {
                "psr-0": {
                    "Zend\\Code\\": ""
                }
            },
            "notification-url": "https://packagist.org/downloads/",
            "license": [
                "BSD-3-Clause"
            ],
            "description": "provides facilities to generate arbitrary code using an object oriented interface",
            "keywords": [
                "code",
                "zf2"
            ],
            "time": "2014-03-14 16:20:47"
        },
        {
            "name": "zendframework/zend-di",
            "version": "2.3.0",
            "target-dir": "Zend/Di",
            "source": {
                "type": "git",
                "url": "https://github.com/zendframework/Component_ZendDi.git",
                "reference": "b490d465efbd3ee349c2c59f30e8fc473a2765de"
            },
            "dist": {
                "type": "zip",
                "url": "https://api.github.com/repos/zendframework/Component_ZendDi/zipball/b490d465efbd3ee349c2c59f30e8fc473a2765de",
                "reference": "b490d465efbd3ee349c2c59f30e8fc473a2765de",
                "shasum": ""
            },
            "require": {
                "php": ">=5.3.23",
                "zendframework/zend-code": "self.version",
                "zendframework/zend-stdlib": "self.version"
            },
            "require-dev": {
                "zendframework/zend-servicemanager": "self.version"
            },
            "suggest": {
                "zendframework/zend-servicemanager": "Zend\\ServiceManager component"
            },
            "type": "library",
            "extra": {
                "branch-alias": {
                    "dev-master": "2.2-dev",
                    "dev-develop": "2.3-dev"
                }
            },
            "autoload": {
                "psr-0": {
                    "Zend\\Di\\": ""
                }
            },
            "notification-url": "https://packagist.org/downloads/",
            "license": [
                "BSD-3-Clause"
            ],
            "keywords": [
                "di",
                "zf2"
            ],
            "time": "2014-03-14 16:20:57"
        },
        {
            "name": "zendframework/zend-eventmanager",
            "version": "2.3.0",
            "target-dir": "Zend/EventManager",
            "source": {
                "type": "git",
                "url": "https://github.com/zendframework/Component_ZendEventManager.git",
                "reference": "048164ee81854942667ffdda3030ce06caa79bb5"
            },
            "dist": {
                "type": "zip",
                "url": "https://api.github.com/repos/zendframework/Component_ZendEventManager/zipball/048164ee81854942667ffdda3030ce06caa79bb5",
                "reference": "048164ee81854942667ffdda3030ce06caa79bb5",
                "shasum": ""
            },
            "require": {
                "php": ">=5.3.23",
                "zendframework/zend-stdlib": "self.version"
            },
            "type": "library",
            "extra": {
                "branch-alias": {
                    "dev-master": "2.2-dev",
                    "dev-develop": "2.3-dev"
                }
            },
            "autoload": {
                "psr-0": {
                    "Zend\\EventManager\\": ""
                }
            },
            "notification-url": "https://packagist.org/downloads/",
            "license": [
                "BSD-3-Clause"
            ],
            "keywords": [
                "eventmanager",
                "zf2"
            ],
            "time": "2014-03-14 16:21:05"
        },
        {
            "name": "zendframework/zend-stdlib",
            "version": "2.3.0",
            "target-dir": "Zend/Stdlib",
            "source": {
                "type": "git",
                "url": "https://github.com/zendframework/Component_ZendStdlib.git",
                "reference": "d1c481b8a43f2f079b16d3567960ba539e9dacaa"
            },
            "dist": {
                "type": "zip",
                "url": "https://api.github.com/repos/zendframework/Component_ZendStdlib/zipball/d1c481b8a43f2f079b16d3567960ba539e9dacaa",
                "reference": "d1c481b8a43f2f079b16d3567960ba539e9dacaa",
                "shasum": ""
            },
            "require": {
                "php": ">=5.3.23"
            },
            "require-dev": {
                "zendframework/zend-eventmanager": "self.version",
                "zendframework/zend-serializer": "self.version",
                "zendframework/zend-servicemanager": "self.version"
            },
            "suggest": {
                "zendframework/zend-eventmanager": "To support aggregate hydrator usage",
                "zendframework/zend-serializer": "Zend\\Serializer component",
                "zendframework/zend-servicemanager": "To support hydrator plugin manager usage"
            },
            "type": "library",
            "extra": {
                "branch-alias": {
                    "dev-master": "2.2-dev",
                    "dev-develop": "2.3-dev"
                }
            },
            "autoload": {
                "psr-0": {
                    "Zend\\Stdlib\\": ""
                }
            },
            "notification-url": "https://packagist.org/downloads/",
            "license": [
                "BSD-3-Clause"
            ],
            "keywords": [
                "stdlib",
                "zf2"
            ],
            "time": "2014-03-14 16:22:22"
        }
    ],
    "packages-dev": [

    ],
    "aliases": [

    ],
    "minimum-stability": "stable",
    "stability-flags": {
        "vrana/notorm": 20
    },
    "platform": {
        "php": ">=5.4",
        "ext-pdo": "*"
    },
    "platform-dev": [

    ]
}
